
Microsoft Visual Studio Solution File, Format Version 12.00
# Visual Studio Version 17
VisualStudioVersion = 17.1.32421.90
MinimumVisualStudioVersion = 10.0.40219.1
Project("{FAE04EC0-301F-11D3-BF4B-00C04F79EFBC}") = "BlogProject.CORE", "BlogProject.CORE\BlogProject.CORE.csproj", "{EB2405E0-B4D6-474B-9B13-6CBAB72122F6}"
EndProject
Project("{FAE04EC0-301F-11D3-BF4B-00C04F79EFBC}") = "BlogProject.MODEL", "BlogProject.MODEL\BlogProject.MODEL.csproj", "{D81159B9-E3F6-42C2-8139-8B55534FBCF6}"
EndProject
Project("{FAE04EC0-301F-11D3-BF4B-00C04F79EFBC}") = "BlogProject.UI", "BlogProject.UI\BlogProject.UI.csproj", "{CA7E8912-C6CD-45E2-B7CD-C938A5D35BB0}"
EndProject
Project("{FAE04EC0-301F-11D3-BF4B-00C04F79EFBC}") = "BlogProject.SERVICE", "BlogProject.SERVICE\BlogProject.SERVICE.csproj", "{28BAE41A-89F5-4DA3-BD8D-22486B838673}"
EndProject
Global
	GlobalSection(SolutionConfigurationPlatforms) = preSolution
		Debug|Any CPU = Debug|Any CPU
		Release|Any CPU = Release|Any CPU
	EndGlobalSection
	GlobalSection(ProjectConfigurationPlatforms) = postSolution
		{EB2405E0-B4D6-474B-9B13-6CBAB72122F6}.Debug|Any CPU.ActiveCfg = Debug|Any CPU
		{EB2405E0-B4D6-474B-9B13-6CBAB72122F6}.Debug|Any CPU.Build.0 = Debug|Any CPU
		{EB2405E0-B4D6-474B-9B13-6CBAB72122F6}.Release|Any CPU.ActiveCfg = Release|Any CPU
		{EB2405E0-B4D6-474B-9B13-6CBAB72122F6}.Release|Any CPU.Build.0 = Release|Any CPU
		{D81159B9-E3F6-42C2-8139-8B55534FBCF6}.Debug|Any CPU.ActiveCfg = Debug|Any CPU
		{D81159B9-E3F6-42C2-8139-8B55534FBCF6}.Debug|Any CPU.Build.0 = Debug|Any CPU
		{D81159B9-E3F6-42C2-8139-8B55534FBCF6}.Release|Any CPU.ActiveCfg = Release|Any CPU
		{D81159B9-E3F6-42C2-8139-8B55534FBCF6}.Release|Any CPU.Build.0 = Release|Any CPU
		{CA7E8912-C6CD-45E2-B7CD-C938A5D35BB0}.Debug|Any CPU.ActiveCfg = Debug|Any CPU
		{CA7E8912-C6CD-45E2-B7CD-C938A5D35BB0}.Debug|Any CPU.Build.0 = Debug|Any CPU
		{CA7E8912-C6CD-45E2-B7CD-C938A5D35BB0}.Release|Any CPU.ActiveCfg = Release|Any CPU
		{CA7E8912-C6CD-45E2-B7CD-C938A5D35BB0}.Release|Any CPU.Build.0 = Release|Any CPU
		{28BAE41A-89F5-4DA3-BD8D-22486B838673}.Debug|Any CPU.ActiveCfg = Debug|Any CPU
		{28BAE41A-89F5-4DA3-BD8D-22486B838673}.Debug|Any CPU.Build.0 = Debug|Any CPU
		{28BAE41A-89F5-4DA3-BD8D-22486B838673}.Release|Any CPU.ActiveCfg = Release|Any CPU
		{28BAE41A-89F5-4DA3-BD8D-22486B838673}.Release|Any CPU.Build.0 = Release|Any CPU
	EndGlobalSection
	GlobalSection(SolutionProperties) = preSolution
		HideSolutionNode = FALSE
	EndGlobalSection
	GlobalSection(ExtensibilityGlobals) = postSolution
		SolutionGuid = {ED42C319-57BB-4428-9CF6-B314693AE603}
	EndGlobalSection
EndGlobal
